// !$*UTF8*$!
{
	archiveVersion = 1;
	classes = {
	};
	objectVersion = 46;
	objects = {

/* Begin PBXBuildFile section */
		9A8A5B2F1642B59600688FCF /* UIKit.framework in Frameworks */ = {isa = PBXBuildFile; fileRef = 9A8A5B2E1642B59600688FCF /* UIKit.framework */; };
		9A8A5B311642B59600688FCF /* Foundation.framework in Frameworks */ = {isa = PBXBuildFile; fileRef = 9A8A5B301642B59600688FCF /* Foundation.framework */; };
		9A8A5B331642B59600688FCF /* CoreGraphics.framework in Frameworks */ = {isa = PBXBuildFile; fileRef = 9A8A5B321642B59600688FCF /* CoreGraphics.framework */; };
		9A8A5B391642B59600688FCF /* InfoPlist.strings in Resources */ = {isa = PBXBuildFile; fileRef = 9A8A5B371642B59600688FCF /* InfoPlist.strings */; };
		9A8A5B3B1642B59600688FCF /* main.m in Sources */ = {isa = PBXBuildFile; fileRef = 9A8A5B3A1642B59600688FCF /* main.m */; };
		9A8A5B3F1642B59600688FCF /* AppDelegate.m in Sources */ = {isa = PBXBuildFile; fileRef = 9A8A5B3E1642B59600688FCF /* AppDelegate.m */; };
		9A8A5B411642B59600688FCF /* Default.png in Resources */ = {isa = PBXBuildFile; fileRef = 9A8A5B401642B59600688FCF /* Default.png */; };
		9A8A5B431642B59600688FCF /* Default@2x.png in Resources */ = {isa = PBXBuildFile; fileRef = 9A8A5B421642B59600688FCF /* Default@2x.png */; };
		9A8A5B451642B59600688FCF /* Default-568h@2x.png in Resources */ = {isa = PBXBuildFile; fileRef = 9A8A5B441642B59600688FCF /* Default-568h@2x.png */; };
		9A8A5B481642B59600688FCF /* MainStoryboard.storyboard in Resources */ = {isa = PBXBuildFile; fileRef = 9A8A5B461642B59600688FCF /* MainStoryboard.storyboard */; };
		9A8A5B4B1642B59600688FCF /* MasterViewController.m in Sources */ = {isa = PBXBuildFile; fileRef = 9A8A5B4A1642B59600688FCF /* MasterViewController.m */; };
		9A8A5B4E1642B59600688FCF /* DetailViewController.m in Sources */ = {isa = PBXBuildFile; fileRef = 9A8A5B4D1642B59600688FCF /* DetailViewController.m */; };
/* End PBXBuildFile section */

/* Begin PBXFileReference section */
		9A8A5B2A1642B59600688FCF /* tableViewSample.app */ = {isa = PBXFileReference; explicitFileType = wrapper.application; includeInIndex = 0; path = tableViewSample.app; sourceTree = BUILT_PRODUCTS_DIR; };
		9A8A5B2E1642B59600688FCF /* UIKit.framework */ = {isa = PBXFileReference; lastKnownFileType = wrapper.framework; name = UIKit.framework; path = System/Library/Frameworks/UIKit.framework; sourceTree = SDKROOT; };
		9A8A5B301642B59600688FCF /* Foundation.framework */ = {isa = PBXFileReference; lastKnownFileType = wrapper.framework; name = Foundation.framework; path = System/Library/Frameworks/Foundation.framework; sourceTree = SDKROOT; };
		9A8A5B321642B59600688FCF /* CoreGraphics.framework */ = {isa = PBXFileReference; lastKnownFileType = wrapper.framework; name = CoreGraphics.framework; path = System/Library/Frameworks/CoreGraphics.framework; sourceTree = SDKROOT; };
		9A8A5B361642B59600688FCF /* tableViewSample-Info.plist */ = {isa = PBXFileReference; lastKnownFileType = text.plist.xml; path = "tableViewSample-Info.plist"; sourceTree = "<group>"; };
		9A8A5B381642B59600688FCF /* en */ = {isa = PBXFileReference; lastKnownFileType = text.plist.strings; name = en; path = en.lproj/InfoPlist.strings; sourceTree = "<group>"; };
		9A8A5B3A1642B59600688FCF /* main.m */ = {isa = PBXFileReference; lastKnownFileType = sourcecode.c.objc; path = main.m; sourceTree = "<group>"; };
		9A8A5B3C1642B59600688FCF /* tableViewSample-Prefix.pch */ = {isa = PBXFileReference; lastKnownFileType = sourcecode.c.h; path = "tableViewSample-Prefix.pch"; sourceTree = "<group>"; };
		9A8A5B3D1642B59600688FCF /* AppDelegate.h */ = {isa = PBXFileReference; lastKnownFileType = sourcecode.c.h; path = AppDelegate.h; sourceTree = "<group>"; };
		9A8A5B3E1642B59600688FCF /* AppDelegate.m */ = {isa = PBXFileReference; lastKnownFileType = sourcecode.c.objc; path = AppDelegate.m; sourceTree = "<group>"; };
		9A8A5B401642B59600688FCF /* Default.png */ = {isa = PBXFileReference; lastKnownFileType = image.png; path = Default.png; sourceTree = "<group>"; };
		9A8A5B421642B59600688FCF /* Default@2x.png */ = {isa = PBXFileReference; lastKnownFileType = image.png; path = "Default@2x.png"; sourceTree = "<group>"; };
		9A8A5B441642B59600688FCF /* Default-568h@2x.png */ = {isa = PBXFileReference; lastKnownFileType = image.png; path = "Default-568h@2x.png"; sourceTree = "<group>"; };
		9A8A5B471642B59600688FCF /* en */ = {isa = PBXFileReference; lastKnownFileType = file.storyboard; name = en; path = en.lproj/MainStoryboard.storyboard; sourceTree = "<group>"; };
		9A8A5B491642B59600688FCF /* MasterViewController.h */ = {isa = PBXFileReference; lastKnownFileType = sourcecode.c.h; path = MasterViewController.h; sourceTree = "<group>"; };
		9A8A5B4A1642B59600688FCF /* MasterViewController.m */ = {isa = PBXFileReference; lastKnownFileType = sourcecode.c.objc; path = MasterViewController.m; sourceTree = "<group>"; };
		9A8A5B4C1642B59600688FCF /* DetailViewController.h */ = {isa = PBXFileReference; lastKnownFileType = sourcecode.c.h; path = DetailViewController.h; sourceTree = "<group>"; };
		9A8A5B4D1642B59600688FCF /* DetailViewController.m */ = {isa = PBXFileReference; lastKnownFileType = sourcecode.c.objc; path = DetailViewController.m; sourceTree = "<group>"; };
/* End PBXFileReference section */

/* Begin PBXFrameworksBuildPhase section */
		9A8A5B271642B59600688FCF /* Frameworks */ = {
			isa = PBXFrameworksBuildPhase;
			buildActionMask = 2147483647;
			files = (
				9A8A5B2F1642B59600688FCF /* UIKit.framework in Frameworks */,
				9A8A5B311642B59600688FCF /* Foundation.framework in Frameworks */,
				9A8A5B331642B59600688FCF /* CoreGraphics.framework in Frameworks */,
			);
			runOnlyForDeploymentPostprocessing = 0;
		};
/* End PBXFrameworksBuildPhase section */

/* Begin PBXGroup section */
		9A8A5B1F1642B59600688FCF = {
			isa = PBXGroup;
			children = (
				9A8A5B341642B59600688FCF /* tableViewSample */,
				9A8A5B2D1642B59600688FCF /* Frameworks */,
				9A8A5B2B1642B59600688FCF /* Products */,
			);
			sourceTree = "<group>";
		};
		9A8A5B2B1642B59600688FCF /* Products */ = {
			isa = PBXGroup;
			children = (
				9A8A5B2A1642B59600688FCF /* tableViewSample.app */,
			);
			name = Products;
			sourceTree = "<group>";
		};
		9A8A5B2D1642B59600688FCF /* Frameworks */ = {
			isa = PBXGroup;
			children = (
				9A8A5B2E1642B59600688FCF /* UIKit.framework */,
				9A8A5B301642B59600688FCF /* Foundation.framework */,
				9A8A5B321642B59600688FCF /* CoreGraphics.framework */,
			);
			name = Frameworks;
			sourceTree = "<group>";
		};
		9A8A5B341642B59600688FCF /* tableViewSample */ = {
			isa = PBXGroup;
			children = (
				9A8A5B3D1642B59600688FCF /* AppDelegate.h */,
				9A8A5B3E1642B59600688FCF /* AppDelegate.m */,
				9A8A5B461642B59600688FCF /* MainStoryboard.storyboard */,
				9A8A5B491642B59600688FCF /* MasterViewController.h */,
				9A8A5B4A1642B59600688FCF /* MasterViewController.m */,
				9A8A5B4C1642B59600688FCF /* DetailViewController.h */,
				9A8A5B4D1642B59600688FCF /* DetailViewController.m */,
				9A8A5B351642B59600688FCF /* Supporting Files */,
			);
			path = tableViewSample;
			sourceTree = "<group>";
		};
		9A8A5B351642B59600688FCF /* Supporting Files */ = {
			isa = PBXGroup;
			children = (
				9A8A5B361642B59600688FCF /* tableViewSample-Info.plist */,
				9A8A5B371642B59600688FCF /* InfoPlist.strings */,
				9A8A5B3A1642B59600688FCF /* main.m */,
				9A8A5B3C1642B59600688FCF /* tableViewSample-Prefix.pch */,
				9A8A5B401642B59600688FCF /* Default.png */,
				9A8A5B421642B59600688FCF /* Default@2x.png */,
				9A8A5B441642B59600688FCF /* Default-568h@2x.png */,
			);
			name = "Supporting Files";
			sourceTree = "<group>";
		};
/* End PBXGroup section */

/* Begin PBXNativeTarget section */
		9A8A5B291642B59600688FCF /* tableViewSample */ = {
			isa = PBXNativeTarget;
			buildConfigurationList = 9A8A5B511642B59600688FCF /* Build configuration list for PBXNativeTarget "tableViewSample" */;
			buildPhases = (
				9A8A5B261642B59600688FCF /* Sources */,
				9A8A5B271642B59600688FCF /* Frameworks */,
				9A8A5B281642B59600688FCF /* Resources */,
			);
			buildRules = (
			);
			dependencies = (
			);
			name = tableViewSample;
			productName = tableViewSample;
			productReference = 9A8A5B2A1642B59600688FCF /* tableViewSample.app */;
			productType = "com.apple.product-type.application";
		};
/* End PBXNativeTarget section */

/* Begin PBXProject section */
		9A8A5B211642B59600688FCF /* Project object */ = {
			isa = PBXProject;
			attributes = {
				LastUpgradeCheck = 0450;
			};
			buildConfigurationList = 9A8A5B241642B59600688FCF /* Build configuration list for PBXProject "tableViewSample" */;
			compatibilityVersion = "Xcode 3.2";
			developmentRegion = English;
			hasScannedForEncodings = 0;
			knownRegions = (
				en,
			);
			mainGroup = 9A8A5B1F1642B59600688FCF;
			productRefGroup = 9A8A5B2B1642B59600688FCF /* Products */;
			projectDirPath = "";
			projectRoot = "";
			targets = (
				9A8A5B291642B59600688FCF /* tableViewSample */,
			);
		};
/* End PBXProject section */

/* Begin PBXResourcesBuildPhase section */
		9A8A5B281642B59600688FCF /* Resources */ = {
			isa = PBXResourcesBuildPhase;
			buildActionMask = 2147483647;
			files = (
				9A8A5B391642B59600688FCF /* InfoPlist.strings in Resources */,
				9A8A5B411642B59600688FCF /* Default.png in Resources */,
				9A8A5B431642B59600688FCF /* Default@2x.png in Resources */,
				9A8A5B451642B59600688FCF /* Default-568h@2x.png in Resources */,
				9A8A5B481642B59600688FCF /* MainStoryboard.storyboard in Resources */,
			);
			runOnlyForDeploymentPostprocessing = 0;
		};
/* End PBXResourcesBuildPhase section */

/* Begin PBXSourcesBuildPhase section */
		9A8A5B261642B59600688FCF /* Sources */ = {
			isa = PBXSourcesBuildPhase;
			buildActionMask = 2147483647;
			files = (
				9A8A5B3B1642B59600688FCF /* main.m in Sources */,
				9A8A5B3F1642B59600688FCF /* AppDelegate.m in Sources */,
				9A8A5B4B1642B59600688FCF /* MasterViewController.m in Sources */,
				9A8A5B4E1642B59600688FCF /* DetailViewController.m in Sources */,
			);
			runOnlyForDeploymentPostprocessing = 0;
		};
/* End PBXSourcesBuildPhase section */

/* Begin PBXVariantGroup section */
		9A8A5B371642B59600688FCF /* InfoPlist.strings */ = {
			isa = PBXVariantGroup;
			children = (
				9A8A5B381642B59600688FCF /* en */,
			);
			name = InfoPlist.strings;
			sourceTree = "<group>";
		};
		9A8A5B461642B59600688FCF /* MainStoryboard.storyboard */ = {
			isa = PBXVariantGroup;
			children = (
				9A8A5B471642B59600688FCF /* en */,
			);
			name = MainStoryboard.storyboard;
			sourceTree = "<group>";
		};
/* End PBXVariantGroup section */

/* Begin XCBuildConfiguration section */
		9A8A5B4F1642B59600688FCF /* Debug */ = {
			isa = XCBuildConfiguration;
			buildSettings = {
				ALWAYS_SEARCH_USER_PATHS = NO;
				CLANG_CXX_LANGUAGE_STANDARD = "gnu++0x";
				CLANG_CXX_LIBRARY = "libc++";
				CLANG_ENABLE_OBJC_ARC = YES;
				CLANG_WARN_EMPTY_BODY = YES;
				CLANG_WARN__DUPLICATE_METHOD_MATCH = YES;
				"CODE_SIGN_IDENTITY[sdk=iphoneos*]" = "iPhone Developer";
				COPY_PHASE_STRIP = NO;
				GCC_C_LANGUAGE_STANDARD = gnu99;
				GCC_DYNAMIC_NO_PIC = NO;
				GCC_OPTIMIZATION_LEVEL = 0;
				GCC_PREPROCESSOR_DEFINITIONS = (
					"DEBUG=1",
					"$(inherited)",
				);
				GCC_SYMBOLS_PRIVATE_EXTERN = NO;
				GCC_WARN_ABOUT_RETURN_TYPE = YES;
				GCC_WARN_UNINITIALIZED_AUTOS = YES;
				GCC_WARN_UNUSED_VARIABLE = YES;
				IPHONEOS_DEPLOYMENT_TARGET = 6.0;
				ONLY_ACTIVE_ARCH = YES;
				SDKROOT = iphoneos;
			};
			name = Debug;
		};
		9A8A5B501642B59600688FCF /* Release */ = {
			isa = XCBuildConfiguration;
			buildSettings = {
				ALWAYS_SEARCH_USER_PATHS = NO;
				CLANG_CXX_LANGUAGE_STANDARD = "gnu++0x";
				CLANG_CXX_LIBRARY = "libc++";
				CLANG_ENABLE_OBJC_ARC = YES;
				CLANG_WARN_EMPTY_BODY = YES;
				CLANG_WARN__DUPLICATE_METHOD_MATCH = YES;
				"CODE_SIGN_IDENTITY[sdk=iphoneos*]" = "iPhone Developer";
				COPY_PHASE_STRIP = YES;
				GCC_C_LANGUAGE_STANDARD = gnu99;
				GCC_WARN_ABOUT_RETURN_TYPE = YES;
				GCC_WARN_UNINITIALIZED_AUTOS = YES;
				GCC_WARN_UNUSED_VARIABLE = YES;
				IPHONEOS_DEPLOYMENT_TARGET = 6.0;
				OTHER_CFLAGS = "-DNS_BLOCK_ASSERTIONS=1";
				SDKROOT = iphoneos;
				VALIDATE_PRODUCT = YES;
			};
			name = Release;
		};
		9A8A5B521642B59600688FCF /* Debug */ = {
			isa = XCBuildConfiguration;
			buildSettings = {
				GCC_PRECOMPILE_PREFIX_HEADER = YES;
				GCC_PREFIX_HEADER = "tableViewSample/tableViewSample-Prefix.pch";
				INFOPLIST_FILE = "tableViewSample/tableViewSample-Info.plist";
				PRODUCT_NAME = "$(TARGET_NAME)";
				WRAPPER_EXTENSION = app;
			};
			name = Debug;
		};
		9A8A5B531642B59600688FCF /* Release */ = {
			isa = XCBuildConfiguration;
			buildSettings = {
				GCC_PRECOMPILE_PREFIX_HEADER = YES;
				GCC_PREFIX_HEADER = "tableViewSample/tableViewSample-Prefix.pch";
				INFOPLIST_FILE = "tableViewSample/tableViewSample-Info.plist";
				PRODUCT_NAME = "$(TARGET_NAME)";
				WRAPPER_EXTENSION = app;
			};
			name = Release;
		};
/* End XCBuildConfiguration section */

/* Begin XCConfigurationList section */
		9A8A5B241642B59600688FCF /* Build configuration list for PBXProject "tableViewSample" */ = {
			isa = XCConfigurationList;
			buildConfigurations = (
				9A8A5B4F1642B59600688FCF /* Debug */,
				9A8A5B501642B59600688FCF /* Release */,
			);
			defaultConfigurationIsVisible = 0;
			defaultConfigurationName = Release;
		};
		9A8A5B511642B59600688FCF /* Build configuration list for PBXNativeTarget "tableViewSample" */ = {
			isa = XCConfigurationList;
			buildConfigurations = (
				9A8A5B521642B59600688FCF /* Debug */,
				9A8A5B531642B59600688FCF /* Release */,
			);
			defaultConfigurationIsVisible = 0;
		};
/* End XCConfigurationList section */
	};
	rootObject = 9A8A5B211642B59600688FCF /* Project object */;
}
